// !$*UTF8*$!
{
	archiveVersion = 1;
	classes = {
	};
	objectVersion = 55;
	objects = {

/* Begin PBXBuildFile section */
		EB5EE8F8275E568A00665FB1 /* AppDelegate.swift in Sources */ = {isa = PBXBuildFile; fileRef = EB5EE8F7275E568A00665FB1 /* AppDelegate.swift */; };
		EB5EE8FA275E568A00665FB1 /* SceneDelegate.swift in Sources */ = {isa = PBXBuildFile; fileRef = EB5EE8F9275E568A00665FB1 /* SceneDelegate.swift */; };
		EB5EE8FF275E568A00665FB1 /* Main.storyboard in Resources */ = {isa = PBXBuildFile; fileRef = EB5EE8FD275E568A00665FB1 /* Main.storyboard */; };
		EB5EE901275E569400665FB1 /* Assets.xcassets in Resources */ = {isa = PBXBuildFile; fileRef = EB5EE900275E569400665FB1 /* Assets.xcassets */; };
		EB5EE904275E569400665FB1 /* LaunchScreen.storyboard in Resources */ = {isa = PBXBuildFile; fileRef = EB5EE902275E569400665FB1 /* LaunchScreen.storyboard */; };
		EB5EE90F275E58A700665FB1 /* Task.swift in Sources */ = {isa = PBXBuildFile; fileRef = EB5EE90E275E58A700665FB1 /* Task.swift */; };
		EB5EE911275E5A1B00665FB1 /* TasksStorage.swift in Sources */ = {isa = PBXBuildFile; fileRef = EB5EE910275E5A1B00665FB1 /* TasksStorage.swift */; };
		EB5EE917275E792B00665FB1 /* TaskCell.swift in Sources */ = {isa = PBXBuildFile; fileRef = EB5EE916275E792B00665FB1 /* TaskCell.swift */; };
		EB5EE919275F7A9400665FB1 /* TaskListController.swift in Sources */ = {isa = PBXBuildFile; fileRef = EB5EE918275F7A9400665FB1 /* TaskListController.swift */; };
		EBFA027F276370510021FE79 /* TaskEditController.swift in Sources */ = {isa = PBXBuildFile; fileRef = EBFA027E276370510021FE79 /* TaskEditController.swift */; };
		EBFA0281276377590021FE79 /* TaskTypeController.swift in Sources */ = {isa = PBXBuildFile; fileRef = EBFA0280276377590021FE79 /* TaskTypeController.swift */; };
		EBFA028427637E500021FE79 /* TaskTypeCell.swift in Sources */ = {isa = PBXBuildFile; fileRef = EBFA028227637E500021FE79 /* TaskTypeCell.swift */; };
		EBFA028527637E500021FE79 /* TaskTypeCell.xib in Resources */ = {isa = PBXBuildFile; fileRef = EBFA028327637E500021FE79 /* TaskTypeCell.xib */; };
/* End PBXBuildFile section */

/* Begin PBXFileReference section */
		EB5EE8F4275E568A00665FB1 /* To Do manager.app */ = {isa = PBXFileReference; explicitFileType = wrapper.application; includeInIndex = 0; path = "To Do manager.app"; sourceTree = BUILT_PRODUCTS_DIR; };
		EB5EE8F7275E568A00665FB1 /* AppDelegate.swift */ = {isa = PBXFileReference; lastKnownFileType = sourcecode.swift; path = AppDelegate.swift; sourceTree = "<group>"; };
		EB5EE8F9275E568A00665FB1 /* SceneDelegate.swift */ = {isa = PBXFileReference; lastKnownFileType = sourcecode.swift; path = SceneDelegate.swift; sourceTree = "<group>"; };
		EB5EE8FE275E568A00665FB1 /* Base */ = {isa = PBXFileReference; lastKnownFileType = file.storyboard; name = Base; path = Base.lproj/Main.storyboard; sourceTree = "<group>"; };
		EB5EE900275E569400665FB1 /* Assets.xcassets */ = {isa = PBXFileReference; lastKnownFileType = folder.assetcatalog; path = Assets.xcassets; sourceTree = "<group>"; };
		EB5EE903275E569400665FB1 /* Base */ = {isa = PBXFileReference; lastKnownFileType = file.storyboard; name = Base; path = Base.lproj/LaunchScreen.storyboard; sourceTree = "<group>"; };
		EB5EE905275E569500665FB1 /* Info.plist */ = {isa = PBXFileReference; lastKnownFileType = text.plist.xml; path = Info.plist; sourceTree = "<group>"; };
		EB5EE90E275E58A700665FB1 /* Task.swift */ = {isa = PBXFileReference; lastKnownFileType = sourcecode.swift; path = Task.swift; sourceTree = "<group>"; };
		EB5EE910275E5A1B00665FB1 /* TasksStorage.swift */ = {isa = PBXFileReference; lastKnownFileType = sourcecode.swift; path = TasksStorage.swift; sourceTree = "<group>"; };
		EB5EE916275E792B00665FB1 /* TaskCell.swift */ = {isa = PBXFileReference; lastKnownFileType = sourcecode.swift; path = TaskCell.swift; sourceTree = "<group>"; };
		EB5EE918275F7A9400665FB1 /* TaskListController.swift */ = {isa = PBXFileReference; lastKnownFileType = sourcecode.swift; path = TaskListController.swift; sourceTree = "<group>"; };
		EBFA027E276370510021FE79 /* TaskEditController.swift */ = {isa = PBXFileReference; lastKnownFileType = sourcecode.swift; path = TaskEditController.swift; sourceTree = "<group>"; };
		EBFA0280276377590021FE79 /* TaskTypeController.swift */ = {isa = PBXFileReference; lastKnownFileType = sourcecode.swift; path = TaskTypeController.swift; sourceTree = "<group>"; };
		EBFA028227637E500021FE79 /* TaskTypeCell.swift */ = {isa = PBXFileReference; lastKnownFileType = sourcecode.swift; path = TaskTypeCell.swift; sourceTree = "<group>"; };
		EBFA028327637E500021FE79 /* TaskTypeCell.xib */ = {isa = PBXFileReference; lastKnownFileType = file.xib; path = TaskTypeCell.xib; sourceTree = "<group>"; };
/* End PBXFileReference section */

/* Begin PBXFrameworksBuildPhase section */
		EB5EE8F1275E568A00665FB1 /* Frameworks */ = {
			isa = PBXFrameworksBuildPhase;
			buildActionMask = 2147483647;
			files = (
			);
			runOnlyForDeploymentPostprocessing = 0;
		};
/* End PBXFrameworksBuildPhase section */

/* Begin PBXGroup section */
		EB5EE8EB275E568A00665FB1 = {
			isa = PBXGroup;
			children = (
				EB5EE912275E786800665FB1 /* View */,
				EB5EE90D275E588E00665FB1 /* Model */,
				EB5EE8F6275E568A00665FB1 /* To Do manager */,
				EB5EE8F5275E568A00665FB1 /* Products */,
			);
			sourceTree = "<group>";
		};
		EB5EE8F5275E568A00665FB1 /* Products */ = {
			isa = PBXGroup;
			children = (
				EB5EE8F4275E568A00665FB1 /* To Do manager.app */,
			);
			name = Products;
			sourceTree = "<group>";
		};
		EB5EE8F6275E568A00665FB1 /* To Do manager */ = {
			isa = PBXGroup;
			children = (
				EB5EE8F7275E568A00665FB1 /* AppDelegate.swift */,
				EB5EE8F9275E568A00665FB1 /* SceneDelegate.swift */,
				EB5EE8FD275E568A00665FB1 /* Main.storyboard */,
				EBFA0280276377590021FE79 /* TaskTypeController.swift */,
				EB5EE918275F7A9400665FB1 /* TaskListController.swift */,
				EBFA027E276370510021FE79 /* TaskEditController.swift */,
				EB5EE900275E569400665FB1 /* Assets.xcassets */,
				EB5EE902275E569400665FB1 /* LaunchScreen.storyboard */,
				EB5EE905275E569500665FB1 /* Info.plist */,
			);
			path = "To Do manager";
			sourceTree = "<group>";
		};
		EB5EE90D275E588E00665FB1 /* Model */ = {
			isa = PBXGroup;
			children = (
				EB5EE90E275E58A700665FB1 /* Task.swift */,
				EB5EE910275E5A1B00665FB1 /* TasksStorage.swift */,
			);
			path = Model;
			sourceTree = "<group>";
		};
		EB5EE912275E786800665FB1 /* View */ = {
			isa = PBXGroup;
			children = (
				EB5EE913275E788700665FB1 /* Cells */,
			);
			path = View;
			sourceTree = "<group>";
		};
		EB5EE913275E788700665FB1 /* Cells */ = {
			isa = PBXGroup;
			children = (
				EB5EE916275E792B00665FB1 /* TaskCell.swift */,
				EBFA028227637E500021FE79 /* TaskTypeCell.swift */,
				EBFA028327637E500021FE79 /* TaskTypeCell.xib */,
			);
			path = Cells;
			sourceTree = "<group>";
		};
/* End PBXGroup section */

/* Begin PBXNativeTarget section */
		EB5EE8F3275E568A00665FB1 /* To Do manager */ = {
			isa = PBXNativeTarget;
			buildConfigurationList = EB5EE908275E569500665FB1 /* Build configuration list for PBXNativeTarget "To Do manager" */;
			buildPhases = (
				EB5EE8F0275E568A00665FB1 /* Sources */,
				EB5EE8F1275E568A00665FB1 /* Frameworks */,
				EB5EE8F2275E568A00665FB1 /* Resources */,
			);
			buildRules = (
			);
			dependencies = (
			);
			name = "To Do manager";
			productName = "To Do manager";
			productReference = EB5EE8F4275E568A00665FB1 /* To Do manager.app */;
			productType = "com.apple.product-type.application";
		};
/* End PBXNativeTarget section */

/* Begin PBXProject section */
		EB5EE8EC275E568A00665FB1 /* Project object */ = {
			isa = PBXProject;
			attributes = {
				BuildIndependentTargetsInParallel = 1;
				LastSwiftUpdateCheck = 1310;
				LastUpgradeCheck = 1310;
				TargetAttributes = {
					EB5EE8F3275E568A00665FB1 = {
						CreatedOnToolsVersion = 13.1;
					};
				};
			};
			buildConfigurationList = EB5EE8EF275E568A00665FB1 /* Build configuration list for PBXProject "To Do manager" */;
			compatibilityVersion = "Xcode 13.0";
			developmentRegion = en;
			hasScannedForEncodings = 0;
			knownRegions = (
				en,
				Base,
			);
			mainGroup = EB5EE8EB275E568A00665FB1;
			productRefGroup = EB5EE8F5275E568A00665FB1 /* Products */;
			projectDirPath = "";
			projectRoot = "";
			targets = (
				EB5EE8F3275E568A00665FB1 /* To Do manager */,
			);
		};
/* End PBXProject section */

/* Begin PBXResourcesBuildPhase section */
		EB5EE8F2275E568A00665FB1 /* Resources */ = {
			isa = PBXResourcesBuildPhase;
			buildActionMask = 2147483647;
			files = (
				EB5EE904275E569400665FB1 /* LaunchScreen.storyboard in Resources */,
				EB5EE901275E569400665FB1 /* Assets.xcassets in Resources */,
				EBFA028527637E500021FE79 /* TaskTypeCell.xib in Resources */,
				EB5EE8FF275E568A00665FB1 /* Main.storyboard in Resources */,
			);
			runOnlyForDeploymentPostprocessing = 0;
		};
/* End PBXResourcesBuildPhase section */

/* Begin PBXSourcesBuildPhase section */
		EB5EE8F0275E568A00665FB1 /* Sources */ = {
			isa = PBXSourcesBuildPhase;
			buildActionMask = 2147483647;
			files = (
				EB5EE90F275E58A700665FB1 /* Task.swift in Sources */,
				EB5EE911275E5A1B00665FB1 /* TasksStorage.swift in Sources */,
				EB5EE919275F7A9400665FB1 /* TaskListController.swift in Sources */,
				EB5EE8F8275E568A00665FB1 /* AppDelegate.swift in Sources */,
				EBFA0281276377590021FE79 /* TaskTypeController.swift in Sources */,
				EB5EE917275E792B00665FB1 /* TaskCell.swift in Sources */,
				EB5EE8FA275E568A00665FB1 /* SceneDelegate.swift in Sources */,
				EBFA027F276370510021FE79 /* TaskEditController.swift in Sources */,
				EBFA028427637E500021FE79 /* TaskTypeCell.swift in Sources */,
			);
			runOnlyForDeploymentPostprocessing = 0;
		};
/* End PBXSourcesBuildPhase section */

/* Begin PBXVariantGroup section */
		EB5EE8FD275E568A00665FB1 /* Main.storyboard */ = {
			isa = PBXVariantGroup;
			children = (
				EB5EE8FE275E568A00665FB1 /* Base */,
			);
			name = Main.storyboard;
			sourceTree = "<group>";
		};
		EB5EE902275E569400665FB1 /* LaunchScreen.storyboard */ = {
			isa = PBXVariantGroup;
			children = (
				EB5EE903275E569400665FB1 /* Base */,
			);
			name = LaunchScreen.storyboard;
			sourceTree = "<group>";
		};
/* End PBXVariantGroup section */

/* Begin XCBuildConfiguration section */
		EB5EE906275E569500665FB1 /* Debug */ = {
			isa = XCBuildConfiguration;
			buildSettings = {
				ALWAYS_SEARCH_USER_PATHS = NO;
				CLANG_ANALYZER_NONNULL = YES;
				CLANG_ANALYZER_NUMBER_OBJECT_CONVERSION = YES_AGGRESSIVE;
				CLANG_CXX_LANGUAGE_STANDARD = "gnu++17";
				CLANG_CXX_LIBRARY = "libc++";
				CLANG_ENABLE_MODULES = YES;
				CLANG_ENABLE_OBJC_ARC = YES;
				CLANG_ENABLE_OBJC_WEAK = YES;
				CLANG_WARN_BLOCK_CAPTURE_AUTORELEASING = YES;
				CLANG_WARN_BOOL_CONVERSION = YES;
				CLANG_WARN_COMMA = YES;
				CLANG_WARN_CONSTANT_CONVERSION = YES;
				CLANG_WARN_DEPRECATED_OBJC_IMPLEMENTATIONS = YES;
				CLANG_WARN_DIRECT_OBJC_ISA_USAGE = YES_ERROR;
				CLANG_WARN_DOCUMENTATION_COMMENTS = YES;
				CLANG_WARN_EMPTY_BODY = YES;
				CLANG_WARN_ENUM_CONVERSION = YES;
				CLANG_WARN_INFINITE_RECURSION = YES;
				CLANG_WARN_INT_CONVERSION = YES;
				CLANG_WARN_NON_LITERAL_NULL_CONVERSION = YES;
				CLANG_WARN_OBJC_IMPLICIT_RETAIN_SELF = YES;
				CLANG_WARN_OBJC_LITERAL_CONVERSION = YES;
				CLANG_WARN_OBJC_ROOT_CLASS = YES_ERROR;
				CLANG_WARN_QUOTED_INCLUDE_IN_FRAMEWORK_HEADER = YES;
				CLANG_WARN_RANGE_LOOP_ANALYSIS = YES;
				CLANG_WARN_STRICT_PROTOTYPES = YES;
				CLANG_WARN_SUSPICIOUS_MOVE = YES;
				CLANG_WARN_UNGUARDED_AVAILABILITY = YES_AGGRESSIVE;
				CLANG_WARN_UNREACHABLE_CODE = YES;
				CLANG_WARN__DUPLICATE_METHOD_MATCH = YES;
				COPY_PHASE_STRIP = NO;
				DEBUG_INFORMATION_FORMAT = dwarf;
				ENABLE_STRICT_OBJC_MSGSEND = YES;
				ENABLE_TESTABILITY = YES;
				GCC_C_LANGUAGE_STANDARD = gnu11;
				GCC_DYNAMIC_NO_PIC = NO;
				GCC_NO_COMMON_BLOCKS = YES;
				GCC_OPTIMIZATION_LEVEL = 0;
				GCC_PREPROCESSOR_DEFINITIONS = (
					"DEBUG=1",
					"$(inherited)",
				);
				GCC_WARN_64_TO_32_BIT_CONVERSION = YES;
				GCC_WARN_ABOUT_RETURN_TYPE = YES_ERROR;
				GCC_WARN_UNDECLARED_SELECTOR = YES;
				GCC_WARN_UNINITIALIZED_AUTOS = YES_AGGRESSIVE;
				GCC_WARN_UNUSED_FUNCTION = YES;
				GCC_WARN_UNUSED_VARIABLE = YES;
				IPHONEOS_DEPLOYMENT_TARGET = 15.0;
				MTL_ENABLE_DEBUG_INFO = INCLUDE_SOURCE;
				MTL_FAST_MATH = YES;
				ONLY_ACTIVE_ARCH = YES;
				SDKROOT = iphoneos;
				SWIFT_ACTIVE_COMPILATION_CONDITIONS = DEBUG;
				SWIFT_OPTIMIZATION_LEVEL = "-Onone";
			};
			name = Debug;
		};
		EB5EE907275E569500665FB1 /* Release */ = {
			isa = XCBuildConfiguration;
			buildSettings = {
				ALWAYS_SEARCH_USER_PATHS = NO;
				CLANG_ANALYZER_NONNULL = YES;
				CLANG_ANALYZER_NUMBER_OBJECT_CONVERSION = YES_AGGRESSIVE;
				CLANG_CXX_LANGUAGE_STANDARD = "gnu++17";
				CLANG_CXX_LIBRARY = "libc++";
				CLANG_ENABLE_MODULES = YES;
				CLANG_ENABLE_OBJC_ARC = YES;
				CLANG_ENABLE_OBJC_WEAK = YES;
				CLANG_WARN_BLOCK_CAPTURE_AUTORELEASING = YES;
				CLANG_WARN_BOOL_CONVERSION = YES;
				CLANG_WARN_COMMA = YES;
				CLANG_WARN_CONSTANT_CONVERSION = YES;
				CLANG_WARN_DEPRECATED_OBJC_IMPLEMENTATIONS = YES;
				CLANG_WARN_DIRECT_OBJC_ISA_USAGE = YES_ERROR;
				CLANG_WARN_DOCUMENTATION_COMMENTS = YES;
				CLANG_WARN_EMPTY_BODY = YES;
				CLANG_WARN_ENUM_CONVERSION = YES;
				CLANG_WARN_INFINITE_RECURSION = YES;
				CLANG_WARN_INT_CONVERSION = YES;
				CLANG_WARN_NON_LITERAL_NULL_CONVERSION = YES;
				CLANG_WARN_OBJC_IMPLICIT_RETAIN_SELF = YES;
				CLANG_WARN_OBJC_LITERAL_CONVERSION = YES;
				CLANG_WARN_OBJC_ROOT_CLASS = YES_ERROR;
				CLANG_WARN_QUOTED_INCLUDE_IN_FRAMEWORK_HEADER = YES;
				CLANG_WARN_RANGE_LOOP_ANALYSIS = YES;
				CLANG_WARN_STRICT_PROTOTYPES = YES;
				CLANG_WARN_SUSPICIOUS_MOVE = YES;
				CLANG_WARN_UNGUARDED_AVAILABILITY = YES_AGGRESSIVE;
				CLANG_WARN_UNREACHABLE_CODE = YES;
				CLANG_WARN__DUPLICATE_METHOD_MATCH = YES;
				COPY_PHASE_STRIP = NO;
				DEBUG_INFORMATION_FORMAT = "dwarf-with-dsym";
				ENABLE_NS_ASSERTIONS = NO;
				ENABLE_STRICT_OBJC_MSGSEND = YES;
				GCC_C_LANGUAGE_STANDARD = gnu11;
				GCC_NO_COMMON_BLOCKS = YES;
				GCC_WARN_64_TO_32_BIT_CONVERSION = YES;
				GCC_WARN_ABOUT_RETURN_TYPE = YES_ERROR;
				GCC_WARN_UNDECLARED_SELECTOR = YES;
				GCC_WARN_UNINITIALIZED_AUTOS = YES_AGGRESSIVE;
				GCC_WARN_UNUSED_FUNCTION = YES;
				GCC_WARN_UNUSED_VARIABLE = YES;
				IPHONEOS_DEPLOYMENT_TARGET = 15.0;
				MTL_ENABLE_DEBUG_INFO = NO;
				MTL_FAST_MATH = YES;
				SDKROOT = iphoneos;
				SWIFT_COMPILATION_MODE = wholemodule;
				SWIFT_OPTIMIZATION_LEVEL = "-O";
				VALIDATE_PRODUCT = YES;
			};
			name = Release;
		};
		EB5EE909275E569500665FB1 /* Debug */ = {
			isa = XCBuildConfiguration;
			buildSettings = {
				ASSETCATALOG_COMPILER_APPICON_NAME = AppIcon;
				ASSETCATALOG_COMPILER_GLOBAL_ACCENT_COLOR_NAME = AccentColor;
				CODE_SIGN_STYLE = Automatic;
				CURRENT_PROJECT_VERSION = 1;
				DEVELOPMENT_TEAM = QK5DGD2ADV;
				GENERATE_INFOPLIST_FILE = YES;
				INFOPLIST_FILE = "To Do manager/Info.plist";
				INFOPLIST_KEY_UIApplicationSupportsIndirectInputEvents = YES;
				INFOPLIST_KEY_UILaunchStoryboardName = LaunchScreen;
				INFOPLIST_KEY_UIMainStoryboardFile = Main;
				INFOPLIST_KEY_UISupportedInterfaceOrientations_iPad = "UIInterfaceOrientationPortrait UIInterfaceOrientationPortraitUpsideDown UIInterfaceOrientationLandscapeLeft UIInterfaceOrientationLandscapeRight";
				INFOPLIST_KEY_UISupportedInterfaceOrientations_iPhone = "UIInterfaceOrientationPortrait UIInterfaceOrientationLandscapeLeft UIInterfaceOrientationLandscapeRight";
				LD_RUNPATH_SEARCH_PATHS = (
					"$(inherited)",
					"@executable_path/Frameworks",
				);
				MARKETING_VERSION = 1.0;
				PRODUCT_BUNDLE_IDENTIFIER = "ru.sharubin.To-Do-manager";
				PRODUCT_NAME = "$(TARGET_NAME)";
				SWIFT_EMIT_LOC_STRINGS = YES;
				SWIFT_VERSION = 5.0;
				TARGETED_DEVICE_FAMILY = "1,2";
			};
			name = Debug;
		};
		EB5EE90A275E569500665FB1 /* Release */ = {
			isa = XCBuildConfiguration;
			buildSettings = {
				ASSETCATALOG_COMPILER_APPICON_NAME = AppIcon;
				ASSETCATALOG_COMPILER_GLOBAL_ACCENT_COLOR_NAME = AccentColor;
				CODE_SIGN_STYLE = Automatic;
				CURRENT_PROJECT_VERSION = 1;
				DEVELOPMENT_TEAM = QK5DGD2ADV;
				GENERATE_INFOPLIST_FILE = YES;
				INFOPLIST_FILE = "To Do manager/Info.plist";
				INFOPLIST_KEY_UIApplicationSupportsIndirectInputEvents = YES;
				INFOPLIST_KEY_UILaunchStoryboardName = LaunchScreen;
				INFOPLIST_KEY_UIMainStoryboardFile = Main;
				INFOPLIST_KEY_UISupportedInterfaceOrientations_iPad = "UIInterfaceOrientationPortrait UIInterfaceOrientationPortraitUpsideDown UIInterfaceOrientationLandscapeLeft UIInterfaceOrientationLandscapeRight";
				INFOPLIST_KEY_UISupportedInterfaceOrientations_iPhone = "UIInterfaceOrientationPortrait UIInterfaceOrientationLandscapeLeft UIInterfaceOrientationLandscapeRight";
				LD_RUNPATH_SEARCH_PATHS = (
					"$(inherited)",
					"@executable_path/Frameworks",
				);
				MARKETING_VERSION = 1.0;
				PRODUCT_BUNDLE_IDENTIFIER = "ru.sharubin.To-Do-manager";
				PRODUCT_NAME = "$(TARGET_NAME)";
				SWIFT_EMIT_LOC_STRINGS = YES;
				SWIFT_VERSION = 5.0;
				TARGETED_DEVICE_FAMILY = "1,2";
			};
			name = Release;
		};
/* End XCBuildConfiguration section */

/* Begin XCConfigurationList section */
		EB5EE8EF275E568A00665FB1 /* Build configuration list for PBXProject "To Do manager" */ = {
			isa = XCConfigurationList;
			buildConfigurations = (
				EB5EE906275E569500665FB1 /* Debug */,
				EB5EE907275E569500665FB1 /* Release */,
			);
			defaultConfigurationIsVisible = 0;
			defaultConfigurationName = Release;
		};
		EB5EE908275E569500665FB1 /* Build configuration list for PBXNativeTarget "To Do manager" */ = {
			isa = XCConfigurationList;
			buildConfigurations = (
				EB5EE909275E569500665FB1 /* Debug */,
				EB5EE90A275E569500665FB1 /* Release */,
			);
			defaultConfigurationIsVisible = 0;
			defaultConfigurationName = Release;
		};
/* End XCConfigurationList section */
	};
	rootObject = EB5EE8EC275E568A00665FB1 /* Project object */;
}
